// !$*UTF8*$!
{
	archiveVersion = 1;
	classes = {
	};
	objectVersion = 46;
	objects = {

/* Begin PBXBuildFile section */
		2EA410641C36CDE5001B572F /* AppDelegate.swift in Sources */ = {isa = PBXBuildFile; fileRef = 2EA410631C36CDE5001B572F /* AppDelegate.swift */; };
		2EA410661C36CDE5001B572F /* ViewController.swift in Sources */ = {isa = PBXBuildFile; fileRef = 2EA410651C36CDE5001B572F /* ViewController.swift */; };
		2EA410691C36CDE5001B572F /* Main.storyboard in Resources */ = {isa = PBXBuildFile; fileRef = 2EA410671C36CDE5001B572F /* Main.storyboard */; };
		2EA4106C1C36CDE5001B572F /* _016_01_02___postcard.xcdatamodeld in Sources */ = {isa = PBXBuildFile; fileRef = 2EA4106A1C36CDE5001B572F /* _016_01_02___postcard.xcdatamodeld */; };
		2EA4106E1C36CDE5001B572F /* Assets.xcassets in Resources */ = {isa = PBXBuildFile; fileRef = 2EA4106D1C36CDE5001B572F /* Assets.xcassets */; };
		2EA410711C36CDE5001B572F /* LaunchScreen.storyboard in Resources */ = {isa = PBXBuildFile; fileRef = 2EA4106F1C36CDE5001B572F /* LaunchScreen.storyboard */; };
		2EA4107C1C36CDE5001B572F /* _016_01_02___postcardTests.swift in Sources */ = {isa = PBXBuildFile; fileRef = 2EA4107B1C36CDE5001B572F /* _016_01_02___postcardTests.swift */; };
		2EA410871C36CDE5001B572F /* _016_01_02___postcardUITests.swift in Sources */ = {isa = PBXBuildFile; fileRef = 2EA410861C36CDE5001B572F /* _016_01_02___postcardUITests.swift */; };
		2EA410951C381CC2001B572F /* GALLEON.JPG in Resources */ = {isa = PBXBuildFile; fileRef = 2EA410941C381CC2001B572F /* GALLEON.JPG */; };
		2EA410971C381CD2001B572F /* DRAG01.JPG in Resources */ = {isa = PBXBuildFile; fileRef = 2EA410961C381CD2001B572F /* DRAG01.JPG */; };
/* End PBXBuildFile section */

/* Begin PBXContainerItemProxy section */
		2EA410781C36CDE5001B572F /* PBXContainerItemProxy */ = {
			isa = PBXContainerItemProxy;
			containerPortal = 2EA410581C36CDE4001B572F /* Project object */;
			proxyType = 1;
			remoteGlobalIDString = 2EA4105F1C36CDE4001B572F;
			remoteInfo = "2016.01.02 - postcard";
		};
		2EA410831C36CDE5001B572F /* PBXContainerItemProxy */ = {
			isa = PBXContainerItemProxy;
			containerPortal = 2EA410581C36CDE4001B572F /* Project object */;
			proxyType = 1;
			remoteGlobalIDString = 2EA4105F1C36CDE4001B572F;
			remoteInfo = "2016.01.02 - postcard";
		};
/* End PBXContainerItemProxy section */

/* Begin PBXFileReference section */
		2EA410601C36CDE4001B572F /* 2016.01.02 - postcard.app */ = {isa = PBXFileReference; explicitFileType = wrapper.application; includeInIndex = 0; path = "2016.01.02 - postcard.app"; sourceTree = BUILT_PRODUCTS_DIR; };
		2EA410631C36CDE5001B572F /* AppDelegate.swift */ = {isa = PBXFileReference; lastKnownFileType = sourcecode.swift; path = AppDelegate.swift; sourceTree = "<group>"; };
		2EA410651C36CDE5001B572F /* ViewController.swift */ = {isa = PBXFileReference; lastKnownFileType = sourcecode.swift; path = ViewController.swift; sourceTree = "<group>"; };
		2EA410681C36CDE5001B572F /* Base */ = {isa = PBXFileReference; lastKnownFileType = file.storyboard; name = Base; path = Base.lproj/Main.storyboard; sourceTree = "<group>"; };
		2EA4106B1C36CDE5001B572F /* _016_01_02___postcard.xcdatamodel */ = {isa = PBXFileReference; lastKnownFileType = wrapper.xcdatamodel; path = "_016_01_02___postcard.xcdatamodel"; sourceTree = "<group>"; };
		2EA4106D1C36CDE5001B572F /* Assets.xcassets */ = {isa = PBXFileReference; lastKnownFileType = folder.assetcatalog; path = Assets.xcassets; sourceTree = "<group>"; };
		2EA410701C36CDE5001B572F /* Base */ = {isa = PBXFileReference; lastKnownFileType = file.storyboard; name = Base; path = Base.lproj/LaunchScreen.storyboard; sourceTree = "<group>"; };
		2EA410721C36CDE5001B572F /* Info.plist */ = {isa = PBXFileReference; lastKnownFileType = text.plist.xml; path = Info.plist; sourceTree = "<group>"; };
		2EA410771C36CDE5001B572F /* 2016.01.02 - postcardTests.xctest */ = {isa = PBXFileReference; explicitFileType = wrapper.cfbundle; includeInIndex = 0; path = "2016.01.02 - postcardTests.xctest"; sourceTree = BUILT_PRODUCTS_DIR; };
		2EA4107B1C36CDE5001B572F /* _016_01_02___postcardTests.swift */ = {isa = PBXFileReference; lastKnownFileType = sourcecode.swift; path = "_016_01_02___postcardTests.swift"; sourceTree = "<group>"; };
		2EA4107D1C36CDE5001B572F /* Info.plist */ = {isa = PBXFileReference; lastKnownFileType = text.plist.xml; path = Info.plist; sourceTree = "<group>"; };
		2EA410821C36CDE5001B572F /* 2016.01.02 - postcardUITests.xctest */ = {isa = PBXFileReference; explicitFileType = wrapper.cfbundle; includeInIndex = 0; path = "2016.01.02 - postcardUITests.xctest"; sourceTree = BUILT_PRODUCTS_DIR; };
		2EA410861C36CDE5001B572F /* _016_01_02___postcardUITests.swift */ = {isa = PBXFileReference; lastKnownFileType = sourcecode.swift; path = "_016_01_02___postcardUITests.swift"; sourceTree = "<group>"; };
		2EA410881C36CDE5001B572F /* Info.plist */ = {isa = PBXFileReference; lastKnownFileType = text.plist.xml; path = Info.plist; sourceTree = "<group>"; };
		2EA410941C381CC2001B572F /* GALLEON.JPG */ = {isa = PBXFileReference; lastKnownFileType = image.jpeg; path = GALLEON.JPG; sourceTree = "<group>"; };
		2EA410961C381CD2001B572F /* DRAG01.JPG */ = {isa = PBXFileReference; lastKnownFileType = image.jpeg; path = DRAG01.JPG; sourceTree = "<group>"; };
/* End PBXFileReference section */

/* Begin PBXFrameworksBuildPhase section */
		2EA4105D1C36CDE4001B572F /* Frameworks */ = {
			isa = PBXFrameworksBuildPhase;
			buildActionMask = 2147483647;
			files = (
			);
			runOnlyForDeploymentPostprocessing = 0;
		};
		2EA410741C36CDE5001B572F /* Frameworks */ = {
			isa = PBXFrameworksBuildPhase;
			buildActionMask = 2147483647;
			files = (
			);
			runOnlyForDeploymentPostprocessing = 0;
		};
		2EA4107F1C36CDE5001B572F /* Frameworks */ = {
			isa = PBXFrameworksBuildPhase;
			buildActionMask = 2147483647;
			files = (
			);
			runOnlyForDeploymentPostprocessing = 0;
		};
/* End PBXFrameworksBuildPhase section */

/* Begin PBXGroup section */
		2EA410571C36CDE4001B572F = {
			isa = PBXGroup;
			children = (
				2EA410621C36CDE4001B572F /* 2016.01.02 - postcard */,
				2EA4107A1C36CDE5001B572F /* 2016.01.02 - postcardTests */,
				2EA410851C36CDE5001B572F /* 2016.01.02 - postcardUITests */,
				2EA410611C36CDE4001B572F /* Products */,
			);
			sourceTree = "<group>";
		};
		2EA410611C36CDE4001B572F /* Products */ = {
			isa = PBXGroup;
			children = (
				2EA410601C36CDE4001B572F /* 2016.01.02 - postcard.app */,
				2EA410771C36CDE5001B572F /* 2016.01.02 - postcardTests.xctest */,
				2EA410821C36CDE5001B572F /* 2016.01.02 - postcardUITests.xctest */,
			);
			name = Products;
			sourceTree = "<group>";
		};
		2EA410621C36CDE4001B572F /* 2016.01.02 - postcard */ = {
			isa = PBXGroup;
			children = (
				2EA410631C36CDE5001B572F /* AppDelegate.swift */,
				2EA410651C36CDE5001B572F /* ViewController.swift */,
				2EA410671C36CDE5001B572F /* Main.storyboard */,
				2EA410941C381CC2001B572F /* GALLEON.JPG */,
				2EA410961C381CD2001B572F /* DRAG01.JPG */,
				2EA4106D1C36CDE5001B572F /* Assets.xcassets */,
				2EA4106F1C36CDE5001B572F /* LaunchScreen.storyboard */,
				2EA410721C36CDE5001B572F /* Info.plist */,
				2EA4106A1C36CDE5001B572F /* _016_01_02___postcard.xcdatamodeld */,
			);
			path = "2016.01.02 - postcard";
			sourceTree = "<group>";
		};
		2EA4107A1C36CDE5001B572F /* 2016.01.02 - postcardTests */ = {
			isa = PBXGroup;
			children = (
				2EA4107B1C36CDE5001B572F /* _016_01_02___postcardTests.swift */,
				2EA4107D1C36CDE5001B572F /* Info.plist */,
			);
			path = "2016.01.02 - postcardTests";
			sourceTree = "<group>";
		};
		2EA410851C36CDE5001B572F /* 2016.01.02 - postcardUITests */ = {
			isa = PBXGroup;
			children = (
				2EA410861C36CDE5001B572F /* _016_01_02___postcardUITests.swift */,
				2EA410881C36CDE5001B572F /* Info.plist */,
			);
			path = "2016.01.02 - postcardUITests";
			sourceTree = "<group>";
		};
/* End PBXGroup section */

/* Begin PBXNativeTarget section */
		2EA4105F1C36CDE4001B572F /* 2016.01.02 - postcard */ = {
			isa = PBXNativeTarget;
			buildConfigurationList = 2EA4108B1C36CDE5001B572F /* Build configuration list for PBXNativeTarget "2016.01.02 - postcard" */;
			buildPhases = (
				2EA4105C1C36CDE4001B572F /* Sources */,
				2EA4105D1C36CDE4001B572F /* Frameworks */,
				2EA4105E1C36CDE4001B572F /* Resources */,
			);
			buildRules = (
			);
			dependencies = (
			);
			name = "2016.01.02 - postcard";
			productName = "2016.01.02 - postcard";
			productReference = 2EA410601C36CDE4001B572F /* 2016.01.02 - postcard.app */;
			productType = "com.apple.product-type.application";
		};
		2EA410761C36CDE5001B572F /* 2016.01.02 - postcardTests */ = {
			isa = PBXNativeTarget;
			buildConfigurationList = 2EA4108E1C36CDE5001B572F /* Build configuration list for PBXNativeTarget "2016.01.02 - postcardTests" */;
			buildPhases = (
				2EA410731C36CDE5001B572F /* Sources */,
				2EA410741C36CDE5001B572F /* Frameworks */,
				2EA410751C36CDE5001B572F /* Resources */,
			);
			buildRules = (
			);
			dependencies = (
				2EA410791C36CDE5001B572F /* PBXTargetDependency */,
			);
			name = "2016.01.02 - postcardTests";
			productName = "2016.01.02 - postcardTests";
			productReference = 2EA410771C36CDE5001B572F /* 2016.01.02 - postcardTests.xctest */;
			productType = "com.apple.product-type.bundle.unit-test";
		};
		2EA410811C36CDE5001B572F /* 2016.01.02 - postcardUITests */ = {
			isa = PBXNativeTarget;
			buildConfigurationList = 2EA410911C36CDE5001B572F /* Build configuration list for PBXNativeTarget "2016.01.02 - postcardUITests" */;
			buildPhases = (
				2EA4107E1C36CDE5001B572F /* Sources */,
				2EA4107F1C36CDE5001B572F /* Frameworks */,
				2EA410801C36CDE5001B572F /* Resources */,
			);
			buildRules = (
			);
			dependencies = (
				2EA410841C36CDE5001B572F /* PBXTargetDependency */,
			);
			name = "2016.01.02 - postcardUITests";
			productName = "2016.01.02 - postcardUITests";
			productReference = 2EA410821C36CDE5001B572F /* 2016.01.02 - postcardUITests.xctest */;
			productType = "com.apple.product-type.bundle.ui-testing";
		};
/* End PBXNativeTarget section */

/* Begin PBXProject section */
		2EA410581C36CDE4001B572F /* Project object */ = {
			isa = PBXProject;
			attributes = {
				LastSwiftUpdateCheck = 0720;
				LastUpgradeCheck = 0720;
				ORGANIZATIONNAME = "Norman Kilpatrick";
				TargetAttributes = {
					2EA4105F1C36CDE4001B572F = {
						CreatedOnToolsVersion = 7.2;
					};
					2EA410761C36CDE5001B572F = {
						CreatedOnToolsVersion = 7.2;
						TestTargetID = 2EA4105F1C36CDE4001B572F;
					};
					2EA410811C36CDE5001B572F = {
						CreatedOnToolsVersion = 7.2;
						TestTargetID = 2EA4105F1C36CDE4001B572F;
					};
				};
			};
			buildConfigurationList = 2EA4105B1C36CDE4001B572F /* Build configuration list for PBXProject "2016.01.02 - postcard" */;
			compatibilityVersion = "Xcode 3.2";
			developmentRegion = English;
			hasScannedForEncodings = 0;
			knownRegions = (
				en,
				Base,
			);
			mainGroup = 2EA410571C36CDE4001B572F;
			productRefGroup = 2EA410611C36CDE4001B572F /* Products */;
			projectDirPath = "";
			projectRoot = "";
			targets = (
				2EA4105F1C36CDE4001B572F /* 2016.01.02 - postcard */,
				2EA410761C36CDE5001B572F /* 2016.01.02 - postcardTests */,
				2EA410811C36CDE5001B572F /* 2016.01.02 - postcardUITests */,
			);
		};
/* End PBXProject section */

/* Begin PBXResourcesBuildPhase section */
		2EA4105E1C36CDE4001B572F /* Resources */ = {
			isa = PBXResourcesBuildPhase;
			buildActionMask = 2147483647;
			files = (
				2EA410971C381CD2001B572F /* DRAG01.JPG in Resources */,
				2EA410951C381CC2001B572F /* GALLEON.JPG in Resources */,
				2EA410711C36CDE5001B572F /* LaunchScreen.storyboard in Resources */,
				2EA4106E1C36CDE5001B572F /* Assets.xcassets in Resources */,
				2EA410691C36CDE5001B572F /* Main.storyboard in Resources */,
			);
			runOnlyForDeploymentPostprocessing = 0;
		};
		2EA410751C36CDE5001B572F /* Resources */ = {
			isa = PBXResourcesBuildPhase;
			buildActionMask = 2147483647;
			files = (
			);
			runOnlyForDeploymentPostprocessing = 0;
		};
		2EA410801C36CDE5001B572F /* Resources */ = {
			isa = PBXResourcesBuildPhase;
			buildActionMask = 2147483647;
			files = (
			);
			runOnlyForDeploymentPostprocessing = 0;
		};
/* End PBXResourcesBuildPhase section */

/* Begin PBXSourcesBuildPhase section */
		2EA4105C1C36CDE4001B572F /* Sources */ = {
			isa = PBXSourcesBuildPhase;
			buildActionMask = 2147483647;
			files = (
				2EA4106C1C36CDE5001B572F /* _016_01_02___postcard.xcdatamodeld in Sources */,
				2EA410661C36CDE5001B572F /* ViewController.swift in Sources */,
				2EA410641C36CDE5001B572F /* AppDelegate.swift in Sources */,
			);
			runOnlyForDeploymentPostprocessing = 0;
		};
		2EA410731C36CDE5001B572F /* Sources */ = {
			isa = PBXSourcesBuildPhase;
			buildActionMask = 2147483647;
			files = (
				2EA4107C1C36CDE5001B572F /* _016_01_02___postcardTests.swift in Sources */,
			);
			runOnlyForDeploymentPostprocessing = 0;
		};
		2EA4107E1C36CDE5001B572F /* Sources */ = {
			isa = PBXSourcesBuildPhase;
			buildActionMask = 2147483647;
			files = (
				2EA410871C36CDE5001B572F /* _016_01_02___postcardUITests.swift in Sources */,
			);
			runOnlyForDeploymentPostprocessing = 0;
		};
/* End PBXSourcesBuildPhase section */

/* Begin PBXTargetDependency section */
		2EA410791C36CDE5001B572F /* PBXTargetDependency */ = {
			isa = PBXTargetDependency;
			target = 2EA4105F1C36CDE4001B572F /* 2016.01.02 - postcard */;
			targetProxy = 2EA410781C36CDE5001B572F /* PBXContainerItemProxy */;
		};
		2EA410841C36CDE5001B572F /* PBXTargetDependency */ = {
			isa = PBXTargetDependency;
			target = 2EA4105F1C36CDE4001B572F /* 2016.01.02 - postcard */;
			targetProxy = 2EA410831C36CDE5001B572F /* PBXContainerItemProxy */;
		};
/* End PBXTargetDependency section */

/* Begin PBXVariantGroup section */
		2EA410671C36CDE5001B572F /* Main.storyboard */ = {
			isa = PBXVariantGroup;
			children = (
				2EA410681C36CDE5001B572F /* Base */,
			);
			name = Main.storyboard;
			sourceTree = "<group>";
		};
		2EA4106F1C36CDE5001B572F /* LaunchScreen.storyboard */ = {
			isa = PBXVariantGroup;
			children = (
				2EA410701C36CDE5001B572F /* Base */,
			);
			name = LaunchScreen.storyboard;
			sourceTree = "<group>";
		};
/* End PBXVariantGroup section */

/* Begin XCBuildConfiguration section */
		2EA410891C36CDE5001B572F /* Debug */ = {
			isa = XCBuildConfiguration;
			buildSettings = {
				ALWAYS_SEARCH_USER_PATHS = NO;
				CLANG_CXX_LANGUAGE_STANDARD = "gnu++0x";
				CLANG_CXX_LIBRARY = "libc++";
				CLANG_ENABLE_MODULES = YES;
				CLANG_ENABLE_OBJC_ARC = YES;
				CLANG_WARN_BOOL_CONVERSION = YES;
				CLANG_WARN_CONSTANT_CONVERSION = YES;
				CLANG_WARN_DIRECT_OBJC_ISA_USAGE = YES_ERROR;
				CLANG_WARN_EMPTY_BODY = YES;
				CLANG_WARN_ENUM_CONVERSION = YES;
				CLANG_WARN_INT_CONVERSION = YES;
				CLANG_WARN_OBJC_ROOT_CLASS = YES_ERROR;
				CLANG_WARN_UNREACHABLE_CODE = YES;
				CLANG_WARN__DUPLICATE_METHOD_MATCH = YES;
				"CODE_SIGN_IDENTITY[sdk=iphoneos*]" = "iPhone Developer";
				COPY_PHASE_STRIP = NO;
				DEBUG_INFORMATION_FORMAT = dwarf;
				ENABLE_STRICT_OBJC_MSGSEND = YES;
				ENABLE_TESTABILITY = YES;
				GCC_C_LANGUAGE_STANDARD = gnu99;
				GCC_DYNAMIC_NO_PIC = NO;
				GCC_NO_COMMON_BLOCKS = YES;
				GCC_OPTIMIZATION_LEVEL = 0;
				GCC_PREPROCESSOR_DEFINITIONS = (
					"DEBUG=1",
					"$(inherited)",
				);
				GCC_WARN_64_TO_32_BIT_CONVERSION = YES;
				GCC_WARN_ABOUT_RETURN_TYPE = YES_ERROR;
				GCC_WARN_UNDECLARED_SELECTOR = YES;
				GCC_WARN_UNINITIALIZED_AUTOS = YES_AGGRESSIVE;
				GCC_WARN_UNUSED_FUNCTION = YES;
				GCC_WARN_UNUSED_VARIABLE = YES;
				IPHONEOS_DEPLOYMENT_TARGET = 9.2;
				MTL_ENABLE_DEBUG_INFO = YES;
				ONLY_ACTIVE_ARCH = YES;
				SDKROOT = iphoneos;
				SWIFT_OPTIMIZATION_LEVEL = "-Onone";
				TARGETED_DEVICE_FAMILY = "1,2";
			};
			name = Debug;
		};
		2EA4108A1C36CDE5001B572F /* Release */ = {
			isa = XCBuildConfiguration;
			buildSettings = {
				ALWAYS_SEARCH_USER_PATHS = NO;
				CLANG_CXX_LANGUAGE_STANDARD = "gnu++0x";
				CLANG_CXX_LIBRARY = "libc++";
				CLANG_ENABLE_MODULES = YES;
				CLANG_ENABLE_OBJC_ARC = YES;
				CLANG_WARN_BOOL_CONVERSION = YES;
				CLANG_WARN_CONSTANT_CONVERSION = YES;
				CLANG_WARN_DIRECT_OBJC_ISA_USAGE = YES_ERROR;
				CLANG_WARN_EMPTY_BODY = YES;
				CLANG_WARN_ENUM_CONVERSION = YES;
				CLANG_WARN_INT_CONVERSION = YES;
				CLANG_WARN_OBJC_ROOT_CLASS = YES_ERROR;
				CLANG_WARN_UNREACHABLE_CODE = YES;
				CLANG_WARN__DUPLICATE_METHOD_MATCH = YES;
				"CODE_SIGN_IDENTITY[sdk=iphoneos*]" = "iPhone Developer";
				COPY_PHASE_STRIP = NO;
				DEBUG_INFORMATION_FORMAT = "dwarf-with-dsym";
				ENABLE_NS_ASSERTIONS = NO;
				ENABLE_STRICT_OBJC_MSGSEND = YES;
				GCC_C_LANGUAGE_STANDARD = gnu99;
				GCC_NO_COMMON_BLOCKS = YES;
				GCC_WARN_64_TO_32_BIT_CONVERSION = YES;
				GCC_WARN_ABOUT_RETURN_TYPE = YES_ERROR;
				GCC_WARN_UNDECLARED_SELECTOR = YES;
				GCC_WARN_UNINITIALIZED_AUTOS = YES_AGGRESSIVE;
				GCC_WARN_UNUSED_FUNCTION = YES;
				GCC_WARN_UNUSED_VARIABLE = YES;
				IPHONEOS_DEPLOYMENT_TARGET = 9.2;
				MTL_ENABLE_DEBUG_INFO = NO;
				SDKROOT = iphoneos;
				TARGETED_DEVICE_FAMILY = "1,2";
				VALIDATE_PRODUCT = YES;
			};
			name = Release;
		};
		2EA4108C1C36CDE5001B572F /* Debug */ = {
			isa = XCBuildConfiguration;
			buildSettings = {
				ASSETCATALOG_COMPILER_APPICON_NAME = AppIcon;
				INFOPLIST_FILE = "2016.01.02 - postcard/Info.plist";
				LD_RUNPATH_SEARCH_PATHS = "$(inherited) @executable_path/Frameworks";
				PRODUCT_BUNDLE_IDENTIFIER = "abilitywatch.-016-01-02---postcard";
				PRODUCT_NAME = "$(TARGET_NAME)";
			};
			name = Debug;
		};
		2EA4108D1C36CDE5001B572F /* Release */ = {
			isa = XCBuildConfiguration;
			buildSettings = {
				ASSETCATALOG_COMPILER_APPICON_NAME = AppIcon;
				INFOPLIST_FILE = "2016.01.02 - postcard/Info.plist";
				LD_RUNPATH_SEARCH_PATHS = "$(inherited) @executable_path/Frameworks";
				PRODUCT_BUNDLE_IDENTIFIER = "abilitywatch.-016-01-02---postcard";
				PRODUCT_NAME = "$(TARGET_NAME)";
			};
			name = Release;
		};
		2EA4108F1C36CDE5001B572F /* Debug */ = {
			isa = XCBuildConfiguration;
			buildSettings = {
				BUNDLE_LOADER = "$(TEST_HOST)";
				INFOPLIST_FILE = "2016.01.02 - postcardTests/Info.plist";
				LD_RUNPATH_SEARCH_PATHS = "$(inherited) @executable_path/Frameworks @loader_path/Frameworks";
				PRODUCT_BUNDLE_IDENTIFIER = "abilitywatch.-016-01-02---postcardTests";
				PRODUCT_NAME = "$(TARGET_NAME)";
				TEST_HOST = "$(BUILT_PRODUCTS_DIR)/2016.01.02 - postcard.app/2016.01.02 - postcard";
			};
			name = Debug;
		};
		2EA410901C36CDE5001B572F /* Release */ = {
			isa = XCBuildConfiguration;
			buildSettings = {
				BUNDLE_LOADER = "$(TEST_HOST)";
				INFOPLIST_FILE = "2016.01.02 - postcardTests/Info.plist";
				LD_RUNPATH_SEARCH_PATHS = "$(inherited) @executable_path/Frameworks @loader_path/Frameworks";
				PRODUCT_BUNDLE_IDENTIFIER = "abilitywatch.-016-01-02---postcardTests";
				PRODUCT_NAME = "$(TARGET_NAME)";
				TEST_HOST = "$(BUILT_PRODUCTS_DIR)/2016.01.02 - postcard.app/2016.01.02 - postcard";
			};
			name = Release;
		};
		2EA410921C36CDE5001B572F /* Debug */ = {
			isa = XCBuildConfiguration;
			buildSettings = {
				INFOPLIST_FILE = "2016.01.02 - postcardUITests/Info.plist";
				LD_RUNPATH_SEARCH_PATHS = "$(inherited) @executable_path/Frameworks @loader_path/Frameworks";
				PRODUCT_BUNDLE_IDENTIFIER = "abilitywatch.-016-01-02---postcardUITests";
				PRODUCT_NAME = "$(TARGET_NAME)";
				TEST_TARGET_NAME = "2016.01.02 - postcard";
				USES_XCTRUNNER = YES;
			};
			name = Debug;
		};
		2EA410931C36CDE5001B572F /* Release */ = {
			isa = XCBuildConfiguration;
			buildSettings = {
				INFOPLIST_FILE = "2016.01.02 - postcardUITests/Info.plist";
				LD_RUNPATH_SEARCH_PATHS = "$(inherited) @executable_path/Frameworks @loader_path/Frameworks";
				PRODUCT_BUNDLE_IDENTIFIER = "abilitywatch.-016-01-02---postcardUITests";
				PRODUCT_NAME = "$(TARGET_NAME)";
				TEST_TARGET_NAME = "2016.01.02 - postcard";
				USES_XCTRUNNER = YES;
			};
			name = Release;
		};
/* End XCBuildConfiguration section */

/* Begin XCConfigurationList section */
		2EA4105B1C36CDE4001B572F /* Build configuration list for PBXProject "2016.01.02 - postcard" */ = {
			isa = XCConfigurationList;
			buildConfigurations = (
				2EA410891C36CDE5001B572F /* Debug */,
				2EA4108A1C36CDE5001B572F /* Release */,
			);
			defaultConfigurationIsVisible = 0;
			defaultConfigurationName = Release;
		};
		2EA4108B1C36CDE5001B572F /* Build configuration list for PBXNativeTarget "2016.01.02 - postcard" */ = {
			isa = XCConfigurationList;
			buildConfigurations = (
				2EA4108C1C36CDE5001B572F /* Debug */,
				2EA4108D1C36CDE5001B572F /* Release */,
			);
			defaultConfigurationIsVisible = 0;
		};
		2EA4108E1C36CDE5001B572F /* Build configuration list for PBXNativeTarget "2016.01.02 - postcardTests" */ = {
			isa = XCConfigurationList;
			buildConfigurations = (
				2EA4108F1C36CDE5001B572F /* Debug */,
				2EA410901C36CDE5001B572F /* Release */,
			);
			defaultConfigurationIsVisible = 0;
		};
		2EA410911C36CDE5001B572F /* Build configuration list for PBXNativeTarget "2016.01.02 - postcardUITests" */ = {
			isa = XCConfigurationList;
			buildConfigurations = (
				2EA410921C36CDE5001B572F /* Debug */,
				2EA410931C36CDE5001B572F /* Release */,
			);
			defaultConfigurationIsVisible = 0;
		};
/* End XCConfigurationList section */

/* Begin XCVersionGroup section */
		2EA4106A1C36CDE5001B572F /* _016_01_02___postcard.xcdatamodeld */ = {
			isa = XCVersionGroup;
			children = (
				2EA4106B1C36CDE5001B572F /* _016_01_02___postcard.xcdatamodel */,
			);
			currentVersion = 2EA4106B1C36CDE5001B572F /* _016_01_02___postcard.xcdatamodel */;
			path = "_016_01_02___postcard.xcdatamodeld";
			sourceTree = "<group>";
			versionGroupType = wrapper.xcdatamodel;
		};
/* End XCVersionGroup section */
	};
	rootObject = 2EA410581C36CDE4001B572F /* Project object */;
}
